// !$*UTF8*$!
{
	archiveVersion = 1;
	classes = {
	};
	objectVersion = 50;
	objects = {

/* Begin PBXBuildFile section */
		696DC73E222E3388004B9443 /* AppDelegate.swift in Sources */ = {isa = PBXBuildFile; fileRef = 696DC73D222E3388004B9443 /* AppDelegate.swift */; };
		696DC740222E3388004B9443 /* ViewController.swift in Sources */ = {isa = PBXBuildFile; fileRef = 696DC73F222E3388004B9443 /* ViewController.swift */; };
		696DC743222E3388004B9443 /* Main.storyboard in Resources */ = {isa = PBXBuildFile; fileRef = 696DC741222E3388004B9443 /* Main.storyboard */; };
		696DC745222E3389004B9443 /* Assets.xcassets in Resources */ = {isa = PBXBuildFile; fileRef = 696DC744222E3389004B9443 /* Assets.xcassets */; };
		696DC748222E3389004B9443 /* LaunchScreen.storyboard in Resources */ = {isa = PBXBuildFile; fileRef = 696DC746222E3389004B9443 /* LaunchScreen.storyboard */; };
		696DC753222E3389004B9443 /* DevslopesUnitTestTests.swift in Sources */ = {isa = PBXBuildFile; fileRef = 696DC752222E3389004B9443 /* DevslopesUnitTestTests.swift */; };
		696DC75F222E5901004B9443 /* Person.swift in Sources */ = {isa = PBXBuildFile; fileRef = 696DC75E222E5901004B9443 /* Person.swift */; };
		696DC763222E5995004B9443 /* PersonTests.swift in Sources */ = {isa = PBXBuildFile; fileRef = 696DC762222E5995004B9443 /* PersonTests.swift */; };
/* End PBXBuildFile section */

/* Begin PBXContainerItemProxy section */
		696DC74F222E3389004B9443 /* PBXContainerItemProxy */ = {
			isa = PBXContainerItemProxy;
			containerPortal = 696DC732222E3388004B9443 /* Project object */;
			proxyType = 1;
			remoteGlobalIDString = 696DC739222E3388004B9443;
			remoteInfo = DevslopesUnitTest;
		};
/* End PBXContainerItemProxy section */

/* Begin PBXFileReference section */
		696DC73A222E3388004B9443 /* DevslopesUnitTest.app */ = {isa = PBXFileReference; explicitFileType = wrapper.application; includeInIndex = 0; path = DevslopesUnitTest.app; sourceTree = BUILT_PRODUCTS_DIR; };
		696DC73D222E3388004B9443 /* AppDelegate.swift */ = {isa = PBXFileReference; lastKnownFileType = sourcecode.swift; path = AppDelegate.swift; sourceTree = "<group>"; };
		696DC73F222E3388004B9443 /* ViewController.swift */ = {isa = PBXFileReference; lastKnownFileType = sourcecode.swift; path = ViewController.swift; sourceTree = "<group>"; };
		696DC742222E3388004B9443 /* Base */ = {isa = PBXFileReference; lastKnownFileType = file.storyboard; name = Base; path = Base.lproj/Main.storyboard; sourceTree = "<group>"; };
		696DC744222E3389004B9443 /* Assets.xcassets */ = {isa = PBXFileReference; lastKnownFileType = folder.assetcatalog; path = Assets.xcassets; sourceTree = "<group>"; };
		696DC747222E3389004B9443 /* Base */ = {isa = PBXFileReference; lastKnownFileType = file.storyboard; name = Base; path = Base.lproj/LaunchScreen.storyboard; sourceTree = "<group>"; };
		696DC749222E3389004B9443 /* Info.plist */ = {isa = PBXFileReference; lastKnownFileType = text.plist.xml; path = Info.plist; sourceTree = "<group>"; };
		696DC74E222E3389004B9443 /* DevslopesUnitTestTests.xctest */ = {isa = PBXFileReference; explicitFileType = wrapper.cfbundle; includeInIndex = 0; path = DevslopesUnitTestTests.xctest; sourceTree = BUILT_PRODUCTS_DIR; };
		696DC752222E3389004B9443 /* DevslopesUnitTestTests.swift */ = {isa = PBXFileReference; lastKnownFileType = sourcecode.swift; path = DevslopesUnitTestTests.swift; sourceTree = "<group>"; };
		696DC754222E3389004B9443 /* Info.plist */ = {isa = PBXFileReference; lastKnownFileType = text.plist.xml; path = Info.plist; sourceTree = "<group>"; };
		696DC75E222E5901004B9443 /* Person.swift */ = {isa = PBXFileReference; lastKnownFileType = sourcecode.swift; path = Person.swift; sourceTree = "<group>"; };
		696DC762222E5995004B9443 /* PersonTests.swift */ = {isa = PBXFileReference; lastKnownFileType = sourcecode.swift; path = PersonTests.swift; sourceTree = "<group>"; };
/* End PBXFileReference section */

/* Begin PBXFrameworksBuildPhase section */
		696DC737222E3388004B9443 /* Frameworks */ = {
			isa = PBXFrameworksBuildPhase;
			buildActionMask = 2147483647;
			files = (
			);
			runOnlyForDeploymentPostprocessing = 0;
		};
		696DC74B222E3389004B9443 /* Frameworks */ = {
			isa = PBXFrameworksBuildPhase;
			buildActionMask = 2147483647;
			files = (
			);
			runOnlyForDeploymentPostprocessing = 0;
		};
/* End PBXFrameworksBuildPhase section */

/* Begin PBXGroup section */
		696DC731222E3388004B9443 = {
			isa = PBXGroup;
			children = (
				696DC75D222E58E1004B9443 /* Model */,
				696DC73C222E3388004B9443 /* DevslopesUnitTest */,
				696DC751222E3389004B9443 /* DevslopesUnitTestTests */,
				696DC73B222E3388004B9443 /* Products */,
			);
			sourceTree = "<group>";
		};
		696DC73B222E3388004B9443 /* Products */ = {
			isa = PBXGroup;
			children = (
				696DC73A222E3388004B9443 /* DevslopesUnitTest.app */,
				696DC74E222E3389004B9443 /* DevslopesUnitTestTests.xctest */,
			);
			name = Products;
			sourceTree = "<group>";
		};
		696DC73C222E3388004B9443 /* DevslopesUnitTest */ = {
			isa = PBXGroup;
			children = (
				696DC73D222E3388004B9443 /* AppDelegate.swift */,
				696DC73F222E3388004B9443 /* ViewController.swift */,
				696DC741222E3388004B9443 /* Main.storyboard */,
				696DC744222E3389004B9443 /* Assets.xcassets */,
				696DC746222E3389004B9443 /* LaunchScreen.storyboard */,
				696DC749222E3389004B9443 /* Info.plist */,
			);
			path = DevslopesUnitTest;
			sourceTree = "<group>";
		};
		696DC751222E3389004B9443 /* DevslopesUnitTestTests */ = {
			isa = PBXGroup;
			children = (
				696DC752222E3389004B9443 /* DevslopesUnitTestTests.swift */,
				696DC762222E5995004B9443 /* PersonTests.swift */,
				696DC754222E3389004B9443 /* Info.plist */,
			);
			path = DevslopesUnitTestTests;
			sourceTree = "<group>";
		};
		696DC75D222E58E1004B9443 /* Model */ = {
			isa = PBXGroup;
			children = (
				696DC75E222E5901004B9443 /* Person.swift */,
			);
			path = Model;
			sourceTree = "<group>";
		};
/* End PBXGroup section */

/* Begin PBXNativeTarget section */
		696DC739222E3388004B9443 /* DevslopesUnitTest */ = {
			isa = PBXNativeTarget;
			buildConfigurationList = 696DC757222E3389004B9443 /* Build configuration list for PBXNativeTarget "DevslopesUnitTest" */;
			buildPhases = (
				696DC736222E3388004B9443 /* Sources */,
				696DC737222E3388004B9443 /* Frameworks */,
				696DC738222E3388004B9443 /* Resources */,
			);
			buildRules = (
			);
			dependencies = (
			);
			name = DevslopesUnitTest;
			productName = DevslopesUnitTest;
			productReference = 696DC73A222E3388004B9443 /* DevslopesUnitTest.app */;
			productType = "com.apple.product-type.application";
		};
		696DC74D222E3389004B9443 /* DevslopesUnitTestTests */ = {
			isa = PBXNativeTarget;
			buildConfigurationList = 696DC75A222E3389004B9443 /* Build configuration list for PBXNativeTarget "DevslopesUnitTestTests" */;
			buildPhases = (
				696DC74A222E3389004B9443 /* Sources */,
				696DC74B222E3389004B9443 /* Frameworks */,
				696DC74C222E3389004B9443 /* Resources */,
			);
			buildRules = (
			);
			dependencies = (
				696DC750222E3389004B9443 /* PBXTargetDependency */,
			);
			name = DevslopesUnitTestTests;
			productName = DevslopesUnitTestTests;
			productReference = 696DC74E222E3389004B9443 /* DevslopesUnitTestTests.xctest */;
			productType = "com.apple.product-type.bundle.unit-test";
		};
/* End PBXNativeTarget section */

/* Begin PBXProject section */
		696DC732222E3388004B9443 /* Project object */ = {
			isa = PBXProject;
			attributes = {
				LastSwiftUpdateCheck = 1010;
				LastUpgradeCheck = 1010;
				ORGANIZATIONNAME = "張書涵";
				TargetAttributes = {
					696DC739222E3388004B9443 = {
						CreatedOnToolsVersion = 10.1;
					};
					696DC74D222E3389004B9443 = {
						CreatedOnToolsVersion = 10.1;
						TestTargetID = 696DC739222E3388004B9443;
					};
				};
			};
			buildConfigurationList = 696DC735222E3388004B9443 /* Build configuration list for PBXProject "DevslopesUnitTest" */;
			compatibilityVersion = "Xcode 9.3";
			developmentRegion = en;
			hasScannedForEncodings = 0;
			knownRegions = (
				en,
				Base,
			);
			mainGroup = 696DC731222E3388004B9443;
			productRefGroup = 696DC73B222E3388004B9443 /* Products */;
			projectDirPath = "";
			projectRoot = "";
			targets = (
				696DC739222E3388004B9443 /* DevslopesUnitTest */,
				696DC74D222E3389004B9443 /* DevslopesUnitTestTests */,
			);
		};
/* End PBXProject section */

/* Begin PBXResourcesBuildPhase section */
		696DC738222E3388004B9443 /* Resources */ = {
			isa = PBXResourcesBuildPhase;
			buildActionMask = 2147483647;
			files = (
				696DC748222E3389004B9443 /* LaunchScreen.storyboard in Resources */,
				696DC745222E3389004B9443 /* Assets.xcassets in Resources */,
				696DC743222E3388004B9443 /* Main.storyboard in Resources */,
			);
			runOnlyForDeploymentPostprocessing = 0;
		};
		696DC74C222E3389004B9443 /* Resources */ = {
			isa = PBXResourcesBuildPhase;
			buildActionMask = 2147483647;
			files = (
			);
			runOnlyForDeploymentPostprocessing = 0;
		};
/* End PBXResourcesBuildPhase section */

/* Begin PBXSourcesBuildPhase section */
		696DC736222E3388004B9443 /* Sources */ = {
			isa = PBXSourcesBuildPhase;
			buildActionMask = 2147483647;
			files = (
				696DC75F222E5901004B9443 /* Person.swift in Sources */,
				696DC740222E3388004B9443 /* ViewController.swift in Sources */,
				696DC73E222E3388004B9443 /* AppDelegate.swift in Sources */,
			);
			runOnlyForDeploymentPostprocessing = 0;
		};
		696DC74A222E3389004B9443 /* Sources */ = {
			isa = PBXSourcesBuildPhase;
			buildActionMask = 2147483647;
			files = (
				696DC763222E5995004B9443 /* PersonTests.swift in Sources */,
				696DC753222E3389004B9443 /* DevslopesUnitTestTests.swift in Sources */,
			);
			runOnlyForDeploymentPostprocessing = 0;
		};
/* End PBXSourcesBuildPhase section */

/* Begin PBXTargetDependency section */
		696DC750222E3389004B9443 /* PBXTargetDependency */ = {
			isa = PBXTargetDependency;
			target = 696DC739222E3388004B9443 /* DevslopesUnitTest */;
			targetProxy = 696DC74F222E3389004B9443 /* PBXContainerItemProxy */;
		};
/* End PBXTargetDependency section */

/* Begin PBXVariantGroup section */
		696DC741222E3388004B9443 /* Main.storyboard */ = {
			isa = PBXVariantGroup;
			children = (
				696DC742222E3388004B9443 /* Base */,
			);
			name = Main.storyboard;
			sourceTree = "<group>";
		};
		696DC746222E3389004B9443 /* LaunchScreen.storyboard */ = {
			isa = PBXVariantGroup;
			children = (
				696DC747222E3389004B9443 /* Base */,
			);
			name = LaunchScreen.storyboard;
			sourceTree = "<group>";
		};
/* End PBXVariantGroup section */

/* Begin XCBuildConfiguration section */
		696DC755222E3389004B9443 /* Debug */ = {
			isa = XCBuildConfiguration;
			buildSettings = {
				ALWAYS_SEARCH_USER_PATHS = NO;
				CLANG_ANALYZER_NONNULL = YES;
				CLANG_ANALYZER_NUMBER_OBJECT_CONVERSION = YES_AGGRESSIVE;
				CLANG_CXX_LANGUAGE_STANDARD = "gnu++14";
				CLANG_CXX_LIBRARY = "libc++";
				CLANG_ENABLE_MODULES = YES;
				CLANG_ENABLE_OBJC_ARC = YES;
				CLANG_ENABLE_OBJC_WEAK = YES;
				CLANG_WARN_BLOCK_CAPTURE_AUTORELEASING = YES;
				CLANG_WARN_BOOL_CONVERSION = YES;
				CLANG_WARN_COMMA = YES;
				CLANG_WARN_CONSTANT_CONVERSION = YES;
				CLANG_WARN_DEPRECATED_OBJC_IMPLEMENTATIONS = YES;
				CLANG_WARN_DIRECT_OBJC_ISA_USAGE = YES_ERROR;
				CLANG_WARN_DOCUMENTATION_COMMENTS = YES;
				CLANG_WARN_EMPTY_BODY = YES;
				CLANG_WARN_ENUM_CONVERSION = YES;
				CLANG_WARN_INFINITE_RECURSION = YES;
				CLANG_WARN_INT_CONVERSION = YES;
				CLANG_WARN_NON_LITERAL_NULL_CONVERSION = YES;
				CLANG_WARN_OBJC_IMPLICIT_RETAIN_SELF = YES;
				CLANG_WARN_OBJC_LITERAL_CONVERSION = YES;
				CLANG_WARN_OBJC_ROOT_CLASS = YES_ERROR;
				CLANG_WARN_RANGE_LOOP_ANALYSIS = YES;
				CLANG_WARN_STRICT_PROTOTYPES = YES;
				CLANG_WARN_SUSPICIOUS_MOVE = YES;
				CLANG_WARN_UNGUARDED_AVAILABILITY = YES_AGGRESSIVE;
				CLANG_WARN_UNREACHABLE_CODE = YES;
				CLANG_WARN__DUPLICATE_METHOD_MATCH = YES;
				CODE_SIGN_IDENTITY = "iPhone Developer";
				COPY_PHASE_STRIP = NO;
				DEBUG_INFORMATION_FORMAT = dwarf;
				ENABLE_STRICT_OBJC_MSGSEND = YES;
				ENABLE_TESTABILITY = YES;
				GCC_C_LANGUAGE_STANDARD = gnu11;
				GCC_DYNAMIC_NO_PIC = NO;
				GCC_NO_COMMON_BLOCKS = YES;
				GCC_OPTIMIZATION_LEVEL = 0;
				GCC_PREPROCESSOR_DEFINITIONS = (
					"DEBUG=1",
					"$(inherited)",
				);
				GCC_WARN_64_TO_32_BIT_CONVERSION = YES;
				GCC_WARN_ABOUT_RETURN_TYPE = YES_ERROR;
				GCC_WARN_UNDECLARED_SELECTOR = YES;
				GCC_WARN_UNINITIALIZED_AUTOS = YES_AGGRESSIVE;
				GCC_WARN_UNUSED_FUNCTION = YES;
				GCC_WARN_UNUSED_VARIABLE = YES;
				IPHONEOS_DEPLOYMENT_TARGET = 12.1;
				MTL_ENABLE_DEBUG_INFO = INCLUDE_SOURCE;
				MTL_FAST_MATH = YES;
				ONLY_ACTIVE_ARCH = YES;
				SDKROOT = iphoneos;
				SWIFT_ACTIVE_COMPILATION_CONDITIONS = DEBUG;
				SWIFT_OPTIMIZATION_LEVEL = "-Onone";
			};
			name = Debug;
		};
		696DC756222E3389004B9443 /* Release */ = {
			isa = XCBuildConfiguration;
			buildSettings = {
				ALWAYS_SEARCH_USER_PATHS = NO;
				CLANG_ANALYZER_NONNULL = YES;
				CLANG_ANALYZER_NUMBER_OBJECT_CONVERSION = YES_AGGRESSIVE;
				CLANG_CXX_LANGUAGE_STANDARD = "gnu++14";
				CLANG_CXX_LIBRARY = "libc++";
				CLANG_ENABLE_MODULES = YES;
				CLANG_ENABLE_OBJC_ARC = YES;
				CLANG_ENABLE_OBJC_WEAK = YES;
				CLANG_WARN_BLOCK_CAPTURE_AUTORELEASING = YES;
				CLANG_WARN_BOOL_CONVERSION = YES;
				CLANG_WARN_COMMA = YES;
				CLANG_WARN_CONSTANT_CONVERSION = YES;
				CLANG_WARN_DEPRECATED_OBJC_IMPLEMENTATIONS = YES;
				CLANG_WARN_DIRECT_OBJC_ISA_USAGE = YES_ERROR;
				CLANG_WARN_DOCUMENTATION_COMMENTS = YES;
				CLANG_WARN_EMPTY_BODY = YES;
				CLANG_WARN_ENUM_CONVERSION = YES;
				CLANG_WARN_INFINITE_RECURSION = YES;
				CLANG_WARN_INT_CONVERSION = YES;
				CLANG_WARN_NON_LITERAL_NULL_CONVERSION = YES;
				CLANG_WARN_OBJC_IMPLICIT_RETAIN_SELF = YES;
				CLANG_WARN_OBJC_LITERAL_CONVERSION = YES;
				CLANG_WARN_OBJC_ROOT_CLASS = YES_ERROR;
				CLANG_WARN_RANGE_LOOP_ANALYSIS = YES;
				CLANG_WARN_STRICT_PROTOTYPES = YES;
				CLANG_WARN_SUSPICIOUS_MOVE = YES;
				CLANG_WARN_UNGUARDED_AVAILABILITY = YES_AGGRESSIVE;
				CLANG_WARN_UNREACHABLE_CODE = YES;
				CLANG_WARN__DUPLICATE_METHOD_MATCH = YES;
				CODE_SIGN_IDENTITY = "iPhone Developer";
				COPY_PHASE_STRIP = NO;
				DEBUG_INFORMATION_FORMAT = "dwarf-with-dsym";
				ENABLE_NS_ASSERTIONS = NO;
				ENABLE_STRICT_OBJC_MSGSEND = YES;
				GCC_C_LANGUAGE_STANDARD = gnu11;
				GCC_NO_COMMON_BLOCKS = YES;
				GCC_WARN_64_TO_32_BIT_CONVERSION = YES;
				GCC_WARN_ABOUT_RETURN_TYPE = YES_ERROR;
				GCC_WARN_UNDECLARED_SELECTOR = YES;
				GCC_WARN_UNINITIALIZED_AUTOS = YES_AGGRESSIVE;
				GCC_WARN_UNUSED_FUNCTION = YES;
				GCC_WARN_UNUSED_VARIABLE = YES;
				IPHONEOS_DEPLOYMENT_TARGET = 12.1;
				MTL_ENABLE_DEBUG_INFO = NO;
				MTL_FAST_MATH = YES;
				SDKROOT = iphoneos;
				SWIFT_COMPILATION_MODE = wholemodule;
				SWIFT_OPTIMIZATION_LEVEL = "-O";
				VALIDATE_PRODUCT = YES;
			};
			name = Release;
		};
		696DC758222E3389004B9443 /* Debug */ = {
			isa = XCBuildConfiguration;
			buildSettings = {
				ASSETCATALOG_COMPILER_APPICON_NAME = AppIcon;
				CODE_SIGN_STYLE = Automatic;
				DEVELOPMENT_TEAM = CHZWYBA9N7;
				INFOPLIST_FILE = DevslopesUnitTest/Info.plist;
				LD_RUNPATH_SEARCH_PATHS = (
					"$(inherited)",
					"@executable_path/Frameworks",
				);
				PRODUCT_BUNDLE_IDENTIFIER = Alice.DevslopesUnitTest;
				PRODUCT_NAME = "$(TARGET_NAME)";
				SWIFT_VERSION = 4.2;
				TARGETED_DEVICE_FAMILY = "1,2";
			};
			name = Debug;
		};
		696DC759222E3389004B9443 /* Release */ = {
			isa = XCBuildConfiguration;
			buildSettings = {
				ASSETCATALOG_COMPILER_APPICON_NAME = AppIcon;
				CODE_SIGN_STYLE = Automatic;
				DEVELOPMENT_TEAM = CHZWYBA9N7;
				INFOPLIST_FILE = DevslopesUnitTest/Info.plist;
				LD_RUNPATH_SEARCH_PATHS = (
					"$(inherited)",
					"@executable_path/Frameworks",
				);
				PRODUCT_BUNDLE_IDENTIFIER = Alice.DevslopesUnitTest;
				PRODUCT_NAME = "$(TARGET_NAME)";
				SWIFT_VERSION = 4.2;
				TARGETED_DEVICE_FAMILY = "1,2";
			};
			name = Release;
		};
		696DC75B222E3389004B9443 /* Debug */ = {
			isa = XCBuildConfiguration;
			buildSettings = {
				ALWAYS_EMBED_SWIFT_STANDARD_LIBRARIES = YES;
				BUNDLE_LOADER = "$(TEST_HOST)";
				CODE_SIGN_STYLE = Automatic;
				DEVELOPMENT_TEAM = CHZWYBA9N7;
				INFOPLIST_FILE = DevslopesUnitTestTests/Info.plist;
				LD_RUNPATH_SEARCH_PATHS = (
					"$(inherited)",
					"@executable_path/Frameworks",
					"@loader_path/Frameworks",
				);
				PRODUCT_BUNDLE_IDENTIFIER = Alice.DevslopesUnitTestTests;
				PRODUCT_NAME = "$(TARGET_NAME)";
				SWIFT_VERSION = 4.2;
				TARGETED_DEVICE_FAMILY = "1,2";
				TEST_HOST = "$(BUILT_PRODUCTS_DIR)/DevslopesUnitTest.app/DevslopesUnitTest";
			};
			name = Debug;
		};
		696DC75C222E3389004B9443 /* Release */ = {
			isa = XCBuildConfiguration;
			buildSettings = {
				ALWAYS_EMBED_SWIFT_STANDARD_LIBRARIES = YES;
				BUNDLE_LOADER = "$(TEST_HOST)";
				CODE_SIGN_STYLE = Automatic;
				DEVELOPMENT_TEAM = CHZWYBA9N7;
				INFOPLIST_FILE = DevslopesUnitTestTests/Info.plist;
				LD_RUNPATH_SEARCH_PATHS = (
					"$(inherited)",
					"@executable_path/Frameworks",
					"@loader_path/Frameworks",
				);
				PRODUCT_BUNDLE_IDENTIFIER = Alice.DevslopesUnitTestTests;
				PRODUCT_NAME = "$(TARGET_NAME)";
				SWIFT_VERSION = 4.2;
				TARGETED_DEVICE_FAMILY = "1,2";
				TEST_HOST = "$(BUILT_PRODUCTS_DIR)/DevslopesUnitTest.app/DevslopesUnitTest";
			};
			name = Release;
		};
/* End XCBuildConfiguration section */

/* Begin XCConfigurationList section */
		696DC735222E3388004B9443 /* Build configuration list for PBXProject "DevslopesUnitTest" */ = {
			isa = XCConfigurationList;
			buildConfigurations = (
				696DC755222E3389004B9443 /* Debug */,
				696DC756222E3389004B9443 /* Release */,
			);
			defaultConfigurationIsVisible = 0;
			defaultConfigurationName = Release;
		};
		696DC757222E3389004B9443 /* Build configuration list for PBXNativeTarget "DevslopesUnitTest" */ = {
			isa = XCConfigurationList;
			buildConfigurations = (
				696DC758222E3389004B9443 /* Debug */,
				696DC759222E3389004B9443 /* Release */,
			);
			defaultConfigurationIsVisible = 0;
			defaultConfigurationName = Release;
		};
		696DC75A222E3389004B9443 /* Build configuration list for PBXNativeTarget "DevslopesUnitTestTests" */ = {
			isa = XCConfigurationList;
			buildConfigurations = (
				696DC75B222E3389004B9443 /* Debug */,
				696DC75C222E3389004B9443 /* Release */,
			);
			defaultConfigurationIsVisible = 0;
			defaultConfigurationName = Release;
		};
/* End XCConfigurationList section */
	};
	rootObject = 696DC732222E3388004B9443 /* Project object */;
}
